Microsoft Visual Studio Solution File, Format Version 12.00
Project("{FAE04EC0-301F-11D3-BF4B-00C04F79EFBC}") = "DellarteDellaGuerra", "DellarteDellaGuerra\DellarteDellaGuerra.csproj", "{E1047BC3-78A9-444C-B74F-41E1B9744ED3}"
EndProject
Project("{2150E333-8FDC-42A3-9474-1A3956D46DE8}") = "Solution Items", "Solution Items", "{12CCA2B5-A874-47B3-BB43-799275014D7B}"
	ProjectSection(SolutionItems) = preProject
		supported-game-versions.txt = supported-game-versions.txt
		changelog.txt = changelog.txt
	EndProjectSection
EndProject
Project("{2150E333-8FDC-42A3-9474-1A3956D46DE8}") = "build", "build", "{CB20C6C8-2857-4B1E-9C00-265893C094E3}"
	ProjectSection(SolutionItems) = preProject
		build\common.props = build\common.props
	EndProjectSection
EndProject
Project("{2150E333-8FDC-42A3-9474-1A3956D46DE8}") = "ModuleData", "ModuleData", "{F3FF0EA7-9E28-4D27-9FA8-70754A123DF7}"
	ProjectSection(SolutionItems) = preProject
		..\ModuleData\cloth_bodies.xml = ..\ModuleData\cloth_bodies.xml
		..\ModuleData\dadg_battle_scenes.xml = ..\ModuleData\dadg_battle_scenes.xml
		..\ModuleData\dadg_crafting_templates.xml = ..\ModuleData\dadg_crafting_templates.xml
		..\ModuleData\dadg_joust_characters.xml = ..\ModuleData\dadg_joust_characters.xml
		..\ModuleData\dadg_module_strings.xml = ..\ModuleData\dadg_module_strings.xml
		..\ModuleData\dadg_pre_crafting_templates.xslt = ..\ModuleData\dadg_pre_crafting_templates.xslt
		..\ModuleData\dadg_pre_joust_characters.xslt = ..\ModuleData\dadg_pre_joust_characters.xslt
		..\ModuleData\dadg_weapon_descriptions.xml = ..\ModuleData\dadg_weapon_descriptions.xml
		..\ModuleData\DDG_CraftingPieces.xml = ..\ModuleData\DDG_CraftingPieces.xml
		..\ModuleData\DDG_Weapons.xml = ..\ModuleData\DDG_Weapons.xml
		..\ModuleData\items.xml = ..\ModuleData\items.xml
	EndProjectSection
EndProject
Project("{2150E333-8FDC-42A3-9474-1A3956D46DE8}") = "config", "config", "{F1AF53B1-6B28-4A2D-A967-B7BE6EC15C84}"
	ProjectSection(SolutionItems) = preProject
		technical-config\nlog.dev.config = technical-config\nlog.dev.config
		technical-config\nlog.prod.config = technical-config\nlog.prod.config
		..\config\dadg.config.xml = ..\config\dadg.config.xml
		..\config\poc.config.json = ..\config\poc.config.json
	EndProjectSection
EndProject
Project("{2150E333-8FDC-42A3-9474-1A3956D46DE8}") = "doc", "doc", "{10714220-ACE7-40E5-9DC2-ACE17923B206}"
	ProjectSection(SolutionItems) = preProject
		..\doc\poc.integration.md = ..\doc\poc.integration.md
		..\doc\equipment-randomisation.md = ..\doc\equipment-randomisation.md
	EndProjectSection
EndProject
Project("{FAE04EC0-301F-11D3-BF4B-00C04F79EFBC}") = "DellarteDellaGuerra.Domain", "DellarteDellaGuerra.Domain\DellarteDellaGuerra.Domain.csproj", "{59DCCF2D-7980-41DD-8BB5-16185CFDBE7D}"
EndProject
Project("{FAE04EC0-301F-11D3-BF4B-00C04F79EFBC}") = "DellarteDellaGuerra.Domain.Tests", "DellarteDellaGuerra.Domain.Tests\DellarteDellaGuerra.Domain.Tests.csproj", "{47FF07B2-A1AB-4152-8A76-C786487189F2}"
EndProject
Project("{FAE04EC0-301F-11D3-BF4B-00C04F79EFBC}") = "DellarteDellaGuerra.Infrastructure", "DellarteDellaGuerra.Infrastructure\DellarteDellaGuerra.Infrastructure.csproj", "{423C424E-22F0-464D-97AB-69E0E00D5F51}"
EndProject
Project("{FAE04EC0-301F-11D3-BF4B-00C04F79EFBC}") = "DellarteDellaGuerra.Infrastructure.Tests", "DellarteDellaGuerra.Infrastructure.Tests\DellarteDellaGuerra.Infrastructure.Tests.csproj", "{3FA3639C-31CF-45D6-8AE0-12C99A663281}"
EndProject
Project("{2150E333-8FDC-42A3-9474-1A3956D46DE8}") = ".github", ".github", "{DC0E0D39-ABB7-4F0C-BC60-0C7F22013D30}"
EndProject
Project("{2150E333-8FDC-42A3-9474-1A3956D46DE8}") = "workflows", "workflows", "{4EB07234-ED44-4ED0-99C5-3354815693F4}"
	ProjectSection(SolutionItems) = preProject
		..\.github\workflows\build-binaries.yml = ..\.github\workflows\build-binaries.yml
	EndProjectSection
EndProject
Global
	GlobalSection(SolutionConfigurationPlatforms) = preSolution
		Debug|x64 = Debug|x64
		Release|x64 = Release|x64
	EndGlobalSection
	GlobalSection(ProjectConfigurationPlatforms) = postSolution
		{E1047BC3-78A9-444C-B74F-41E1B9744ED3}.Debug|x64.ActiveCfg = Debug|x64
		{E1047BC3-78A9-444C-B74F-41E1B9744ED3}.Debug|x64.Build.0 = Debug|x64
		{E1047BC3-78A9-444C-B74F-41E1B9744ED3}.Release|x64.ActiveCfg = Release|x64
		{E1047BC3-78A9-444C-B74F-41E1B9744ED3}.Release|x64.Build.0 = Release|x64

		{17F43D01-48C7-43DC-A6E6-28C303AAC8DB}.Debug|x64.ActiveCfg = Debug|x64
		{17F43D01-48C7-43DC-A6E6-28C303AAC8DB}.Debug|x64.Build.0 = Debug|x64
		{17F43D01-48C7-43DC-A6E6-28C303AAC8DB}.Release|x64.ActiveCfg = Release|x64
		{17F43D01-48C7-43DC-A6E6-28C303AAC8DB}.Release|x64.Build.0 = Release|x64

		{59DCCF2D-7980-41DD-8BB5-16185CFDBE7D}.Debug|x64.ActiveCfg = Debug|Any CPU
		{59DCCF2D-7980-41DD-8BB5-16185CFDBE7D}.Debug|x64.Build.0 = Debug|Any CPU
		{59DCCF2D-7980-41DD-8BB5-16185CFDBE7D}.Release|x64.ActiveCfg = Release|Any CPU
		{59DCCF2D-7980-41DD-8BB5-16185CFDBE7D}.Release|x64.Build.0 = Release|Any CPU
		{47FF07B2-A1AB-4152-8A76-C786487189F2}.Debug|x64.ActiveCfg = Debug|Any CPU
		{47FF07B2-A1AB-4152-8A76-C786487189F2}.Debug|x64.Build.0 = Debug|Any CPU
		{47FF07B2-A1AB-4152-8A76-C786487189F2}.Release|x64.ActiveCfg = Release|Any CPU
		{47FF07B2-A1AB-4152-8A76-C786487189F2}.Release|x64.Build.0 = Release|Any CPU
		{423C424E-22F0-464D-97AB-69E0E00D5F51}.Debug|x64.ActiveCfg = Debug|Any CPU
		{423C424E-22F0-464D-97AB-69E0E00D5F51}.Debug|x64.Build.0 = Debug|Any CPU
		{423C424E-22F0-464D-97AB-69E0E00D5F51}.Release|x64.ActiveCfg = Release|Any CPU
		{423C424E-22F0-464D-97AB-69E0E00D5F51}.Release|x64.Build.0 = Release|Any CPU
		{3FA3639C-31CF-45D6-8AE0-12C99A663281}.Debug|x64.ActiveCfg = Debug|Any CPU
		{3FA3639C-31CF-45D6-8AE0-12C99A663281}.Debug|x64.Build.0 = Debug|Any CPU
		{3FA3639C-31CF-45D6-8AE0-12C99A663281}.Release|x64.ActiveCfg = Release|Any CPU
		{3FA3639C-31CF-45D6-8AE0-12C99A663281}.Release|x64.Build.0 = Release|Any CPU
	EndGlobalSection
	GlobalSection(SolutionProperties) = preSolution
		HideSolutionNode = FALSE
	EndGlobalSection
	GlobalSection(NestedProjects) = preSolution
		{CB20C6C8-2857-4B1E-9C00-265893C094E3} = {12CCA2B5-A874-47B3-BB43-799275014D7B}
		{F3FF0EA7-9E28-4D27-9FA8-70754A123DF7} = {12CCA2B5-A874-47B3-BB43-799275014D7B}
		{F1AF53B1-6B28-4A2D-A967-B7BE6EC15C84} = {12CCA2B5-A874-47B3-BB43-799275014D7B}
		{10714220-ACE7-40E5-9DC2-ACE17923B206} = {12CCA2B5-A874-47B3-BB43-799275014D7B}
		{DC0E0D39-ABB7-4F0C-BC60-0C7F22013D30} = {12CCA2B5-A874-47B3-BB43-799275014D7B}
		{4EB07234-ED44-4ED0-99C5-3354815693F4} = {DC0E0D39-ABB7-4F0C-BC60-0C7F22013D30}
	EndGlobalSection
	GlobalSection(ExtensibilityGlobals) = postSolution
		SolutionGuid = {B3D4AB65-9162-4EE2-9413-1867C12DC041}
	EndGlobalSection
EndGlobal
