
Microsoft Visual Studio Solution File, Format Version 12.00
Project("{FAE04EC0-301F-11D3-BF4B-00C04F79EFBC}") = "DellarteDellaGuerra", "DellarteDellaGuerra\DellarteDellaGuerra.csproj", "{E1047BC3-78A9-444C-B74F-41E1B9744ED3}"
EndProject
Project("{2150E333-8FDC-42A3-9474-1A3956D46DE8}") = "Solution Items", "Solution Items", "{12CCA2B5-A874-47B3-BB43-799275014D7B}"
	ProjectSection(SolutionItems) = preProject
		supported-game-versions.txt = supported-game-versions.txt
		changelog.txt = changelog.txt
	EndProjectSection
EndProject
Project("{2150E333-8FDC-42A3-9474-1A3956D46DE8}") = "build", "build", "{CB20C6C8-2857-4B1E-9C00-265893C094E3}"
	ProjectSection(SolutionItems) = preProject
		build\common.props = build\common.props
	EndProjectSection
EndProject
Project("{2150E333-8FDC-42A3-9474-1A3956D46DE8}") = "config", "config", "{F1AF53B1-6B28-4A2D-A967-B7BE6EC15C84}"
	ProjectSection(SolutionItems) = preProject
		technical-config\nlog.dev.config = technical-config\nlog.dev.config
		technical-config\nlog.prod.config = technical-config\nlog.prod.config
		..\config\dadg.config.xml = ..\config\dadg.config.xml
		..\config\poc.config.json = ..\config\poc.config.json
	EndProjectSection
EndProject
Project("{2150E333-8FDC-42A3-9474-1A3956D46DE8}") = "doc", "doc", "{10714220-ACE7-40E5-9DC2-ACE17923B206}"
	ProjectSection(SolutionItems) = preProject
		..\doc\poc.integration.md = ..\doc\poc.integration.md
	EndProjectSection
EndProject
Project("{FAE04EC0-301F-11D3-BF4B-00C04F79EFBC}") = "DellarteDellaGuerra.Domain", "DellarteDellaGuerra.Domain\DellarteDellaGuerra.Domain.csproj", "{59DCCF2D-7980-41DD-8BB5-16185CFDBE7D}"
EndProject
Project("{FAE04EC0-301F-11D3-BF4B-00C04F79EFBC}") = "DellarteDellaGuerra.Infrastructure", "DellarteDellaGuerra.Infrastructure\DellarteDellaGuerra.Infrastructure.csproj", "{423C424E-22F0-464D-97AB-69E0E00D5F51}"
EndProject
Project("{2150E333-8FDC-42A3-9474-1A3956D46DE8}") = ".github", ".github", "{DC0E0D39-ABB7-4F0C-BC60-0C7F22013D30}"
EndProject
Project("{2150E333-8FDC-42A3-9474-1A3956D46DE8}") = "workflows", "workflows", "{4EB07234-ED44-4ED0-99C5-3354815693F4}"
	ProjectSection(SolutionItems) = preProject
		..\.github\workflows\build-binaries.yml = ..\.github\workflows\build-binaries.yml
	EndProjectSection
EndProject
Project("{FAE04EC0-301F-11D3-BF4B-00C04F79EFBC}") = "DellarteDellaGuerra.Domain.Tests", "DellarteDellaGuerra.Domain.Tests\DellarteDellaGuerra.Domain.Tests.csproj", "{CE2969F6-44EB-4908-B2F1-FF882A6EFBE4}"
EndProject
Project("{FAE04EC0-301F-11D3-BF4B-00C04F79EFBC}") = "DellarteDellaGuerra.Integration", "DellarteDellaGuerra.Integration\DellarteDellaGuerra.Integration.csproj", "{6F9D88D7-21D9-46A4-9A67-F4D3D66AE826}"
EndProject
Project("{FAE04EC0-301F-11D3-BF4B-00C04F79EFBC}") = "DellarteDellaGuerra.Integration.Tests", "DellarteDellaGuerra.Integration.Tests\DellarteDellaGuerra.Integration.Tests.csproj", "{A3B2C1D0-E4F5-4A6B-8C7D-9E0F1A2B3C4D}"
EndProject
Project("{FAE04EC0-301F-11D3-BF4B-00C04F79EFBC}") = "DellarteDellaGuerra.Infrastructure.Tests", "DellarteDellaGuerra.Infrastructure.Tests\DellarteDellaGuerra.Infrastructure.Tests.csproj", "{D5160A6C-7EA8-413E-BEBB-D98EACC7AA77}"
EndProject
Project("{2150E333-8FDC-42A3-9474-1A3956D46DE8}") = "Dependencies", "Dependencies", "{609F40C5-C560-40E6-76C7-691311A42DF0}"
EndProject
Project("{2150E333-8FDC-42A3-9474-1A3956D46DE8}") = "Bannerlord.Cannons", "Bannerlord.Cannons", "{56BFBB27-DD85-6812-39E4-A7F77648FBFB}"
EndProject
Project("{FAE04EC0-301F-11D3-BF4B-00C04F79EFBC}") = "Bannerlord.Cannons.API", "submodules\Cannons\Bannerlord.Cannons.API\Bannerlord.Cannons.API.csproj", "{DD03CD6B-5CA9-4390-ABDF-60B1F2B277DF}"
EndProject
Project("{FAE04EC0-301F-11D3-BF4B-00C04F79EFBC}") = "Bannerlord.Cannons", "submodules\Cannons\Bannerlord.Cannons\Bannerlord.Cannons.csproj", "{5DDB71C4-4A0D-4082-8A0F-771384121D8A}"
EndProject
Project("{FAE04EC0-301F-11D3-BF4B-00C04F79EFBC}") = "Bannerlord.Cannons.Application", "submodules\Cannons\Bannerlord.Cannons.Application\Bannerlord.Cannons.Application.csproj", "{D5F75F74-4F8B-45E9-AFDE-B2D51D5F7471}"
EndProject
Project("{FAE04EC0-301F-11D3-BF4B-00C04F79EFBC}") = "Bannerlord.Cannons.Domain", "submodules\Cannons\Bannerlord.Cannons.Domain\Bannerlord.Cannons.Domain.csproj", "{63F9305D-CB2A-4B2D-92F3-A1DCD843E584}"
EndProject
Project("{FAE04EC0-301F-11D3-BF4B-00C04F79EFBC}") = "Bannerlord.Cannons.Infrastructure", "submodules\Cannons\Bannerlord.Cannons.Infrastructure\Bannerlord.Cannons.Infrastructure.csproj", "{20C421CE-CFB5-4182-AD50-A493F4FCA49E}"
EndProject
Project("{2150E333-8FDC-42A3-9474-1A3956D46DE8}") = "Bannerlord.ExpandedTemplate", "Bannerlord.ExpandedTemplate", "{1B3E8FDC-33ED-8FAA-4F2B-2D75B5BC9BC4}"
EndProject
Project("{FAE04EC0-301F-11D3-BF4B-00C04F79EFBC}") = "Bannerlord.ExpandedTemplate.API", "submodules\ExpandedTemplate\Bannerlord.ExpandedTemplate.API\Bannerlord.ExpandedTemplate.API.csproj", "{9B139FD9-8714-44BA-B667-FAED7B1E54B4}"
EndProject
Project("{FAE04EC0-301F-11D3-BF4B-00C04F79EFBC}") = "Bannerlord.ExpandedTemplate.Integration", "submodules\ExpandedTemplate\Bannerlord.ExpandedTemplate.Integration\Bannerlord.ExpandedTemplate.Integration.csproj", "{AD34CA18-8AEF-4382-A8FC-B4961BAD435D}"
EndProject
Project("{FAE04EC0-301F-11D3-BF4B-00C04F79EFBC}") = "Bannerlord.ExpandedTemplate.Domain", "submodules\ExpandedTemplate\Bannerlord.ExpandedTemplate.Domain\Bannerlord.ExpandedTemplate.Domain.csproj", "{E2A4F431-2CA9-4FFB-BE8C-D4DC5D566779}"
EndProject
Project("{FAE04EC0-301F-11D3-BF4B-00C04F79EFBC}") = "Bannerlord.ExpandedTemplate.Infrastructure", "submodules\ExpandedTemplate\Bannerlord.ExpandedTemplate.Infrastructure\Bannerlord.ExpandedTemplate.Infrastructure.csproj", "{A89D89AD-51CF-4679-8824-A655208189CB}"
EndProject
Project("{2150E333-8FDC-42A3-9474-1A3956D46DE8}") = "PocColor", "PocColor", "{A7023928-A066-C793-5AF6-AB551C07A2E9}"
EndProject
Project("{FAE04EC0-301F-11D3-BF4B-00C04F79EFBC}") = "PocColor.Domain", "submodules\PocColor\src\PocColor.Domain\PocColor.Domain.csproj", "{12B0EBFD-C9C0-47AE-827C-E40AB0252901}"
EndProject
Project("{FAE04EC0-301F-11D3-BF4B-00C04F79EFBC}") = "PocColor.Infrastructure", "submodules\PocColor\src\PocColor.Infrastructure\PocColor.Infrastructure.csproj", "{6A50C1BF-EB3D-4161-B4FA-6A1F20F44ECD}"
EndProject
Project("{FAE04EC0-301F-11D3-BF4B-00C04F79EFBC}") = "PocColor.Integration", "submodules\PocColor\src\PocColor.Integration\PocColor.Integration.csproj", "{8334EC78-0E30-4FF0-8643-A7A938A705B8}"
EndProject
Global
	GlobalSection(SolutionConfigurationPlatforms) = preSolution
		Debug|x64 = Debug|x64
		Debug|Any CPU = Debug|Any CPU
		Debug|x86 = Debug|x86
		Release|x64 = Release|x64
		Release|Any CPU = Release|Any CPU
		Release|x86 = Release|x86
	EndGlobalSection
	GlobalSection(ProjectConfigurationPlatforms) = postSolution
		{E1047BC3-78A9-444C-B74F-41E1B9744ED3}.Debug|x64.ActiveCfg = Debug|x64
		{E1047BC3-78A9-444C-B74F-41E1B9744ED3}.Debug|x64.Build.0 = Debug|x64
		{E1047BC3-78A9-444C-B74F-41E1B9744ED3}.Debug|Any CPU.ActiveCfg = Debug|Any CPU
		{E1047BC3-78A9-444C-B74F-41E1B9744ED3}.Debug|Any CPU.Build.0 = Debug|Any CPU
		{E1047BC3-78A9-444C-B74F-41E1B9744ED3}.Debug|x86.ActiveCfg = Debug|Any CPU
		{E1047BC3-78A9-444C-B74F-41E1B9744ED3}.Debug|x86.Build.0 = Debug|Any CPU
		{E1047BC3-78A9-444C-B74F-41E1B9744ED3}.Release|x64.ActiveCfg = Release|x64
		{E1047BC3-78A9-444C-B74F-41E1B9744ED3}.Release|x64.Build.0 = Release|x64
		{E1047BC3-78A9-444C-B74F-41E1B9744ED3}.Release|Any CPU.ActiveCfg = Release|Any CPU
		{E1047BC3-78A9-444C-B74F-41E1B9744ED3}.Release|Any CPU.Build.0 = Release|Any CPU
		{E1047BC3-78A9-444C-B74F-41E1B9744ED3}.Release|x86.ActiveCfg = Release|Any CPU
		{E1047BC3-78A9-444C-B74F-41E1B9744ED3}.Release|x86.Build.0 = Release|Any CPU
		{59DCCF2D-7980-41DD-8BB5-16185CFDBE7D}.Debug|x64.ActiveCfg = Debug|x64
		{59DCCF2D-7980-41DD-8BB5-16185CFDBE7D}.Debug|x64.Build.0 = Debug|x64
		{59DCCF2D-7980-41DD-8BB5-16185CFDBE7D}.Debug|Any CPU.ActiveCfg = Debug|Any CPU
		{59DCCF2D-7980-41DD-8BB5-16185CFDBE7D}.Debug|Any CPU.Build.0 = Debug|Any CPU
		{59DCCF2D-7980-41DD-8BB5-16185CFDBE7D}.Debug|x86.ActiveCfg = Debug|Any CPU
		{59DCCF2D-7980-41DD-8BB5-16185CFDBE7D}.Debug|x86.Build.0 = Debug|Any CPU
		{59DCCF2D-7980-41DD-8BB5-16185CFDBE7D}.Release|x64.ActiveCfg = Release|x64
		{59DCCF2D-7980-41DD-8BB5-16185CFDBE7D}.Release|x64.Build.0 = Release|x64
		{59DCCF2D-7980-41DD-8BB5-16185CFDBE7D}.Release|Any CPU.ActiveCfg = Release|Any CPU
		{59DCCF2D-7980-41DD-8BB5-16185CFDBE7D}.Release|Any CPU.Build.0 = Release|Any CPU
		{59DCCF2D-7980-41DD-8BB5-16185CFDBE7D}.Release|x86.ActiveCfg = Release|Any CPU
		{59DCCF2D-7980-41DD-8BB5-16185CFDBE7D}.Release|x86.Build.0 = Release|Any CPU
		{423C424E-22F0-464D-97AB-69E0E00D5F51}.Debug|x64.ActiveCfg = Debug|x64
		{423C424E-22F0-464D-97AB-69E0E00D5F51}.Debug|x64.Build.0 = Debug|x64
		{423C424E-22F0-464D-97AB-69E0E00D5F51}.Debug|Any CPU.ActiveCfg = Debug|Any CPU
		{423C424E-22F0-464D-97AB-69E0E00D5F51}.Debug|Any CPU.Build.0 = Debug|Any CPU
		{423C424E-22F0-464D-97AB-69E0E00D5F51}.Debug|x86.ActiveCfg = Debug|Any CPU
		{423C424E-22F0-464D-97AB-69E0E00D5F51}.Debug|x86.Build.0 = Debug|Any CPU
		{423C424E-22F0-464D-97AB-69E0E00D5F51}.Release|x64.ActiveCfg = Release|x64
		{423C424E-22F0-464D-97AB-69E0E00D5F51}.Release|x64.Build.0 = Release|x64
		{423C424E-22F0-464D-97AB-69E0E00D5F51}.Release|Any CPU.ActiveCfg = Release|Any CPU
		{423C424E-22F0-464D-97AB-69E0E00D5F51}.Release|Any CPU.Build.0 = Release|Any CPU
		{423C424E-22F0-464D-97AB-69E0E00D5F51}.Release|x86.ActiveCfg = Release|Any CPU
		{423C424E-22F0-464D-97AB-69E0E00D5F51}.Release|x86.Build.0 = Release|Any CPU
		{CE2969F6-44EB-4908-B2F1-FF882A6EFBE4}.Debug|x64.ActiveCfg = Debug|x64
		{CE2969F6-44EB-4908-B2F1-FF882A6EFBE4}.Debug|x64.Build.0 = Debug|x64
		{CE2969F6-44EB-4908-B2F1-FF882A6EFBE4}.Debug|Any CPU.ActiveCfg = Debug|Any CPU
		{CE2969F6-44EB-4908-B2F1-FF882A6EFBE4}.Debug|Any CPU.Build.0 = Debug|Any CPU
		{CE2969F6-44EB-4908-B2F1-FF882A6EFBE4}.Debug|x86.ActiveCfg = Debug|Any CPU
		{CE2969F6-44EB-4908-B2F1-FF882A6EFBE4}.Debug|x86.Build.0 = Debug|Any CPU
		{CE2969F6-44EB-4908-B2F1-FF882A6EFBE4}.Release|x64.ActiveCfg = Release|x64
		{CE2969F6-44EB-4908-B2F1-FF882A6EFBE4}.Release|x64.Build.0 = Release|x64
		{CE2969F6-44EB-4908-B2F1-FF882A6EFBE4}.Release|Any CPU.ActiveCfg = Release|Any CPU
		{CE2969F6-44EB-4908-B2F1-FF882A6EFBE4}.Release|Any CPU.Build.0 = Release|Any CPU
		{CE2969F6-44EB-4908-B2F1-FF882A6EFBE4}.Release|x86.ActiveCfg = Release|Any CPU
		{CE2969F6-44EB-4908-B2F1-FF882A6EFBE4}.Release|x86.Build.0 = Release|Any CPU
		{6F9D88D7-21D9-46A4-9A67-F4D3D66AE826}.Debug|x64.ActiveCfg = Debug|x64
		{6F9D88D7-21D9-46A4-9A67-F4D3D66AE826}.Debug|x64.Build.0 = Debug|x64
		{6F9D88D7-21D9-46A4-9A67-F4D3D66AE826}.Debug|Any CPU.ActiveCfg = Debug|Any CPU
		{6F9D88D7-21D9-46A4-9A67-F4D3D66AE826}.Debug|Any CPU.Build.0 = Debug|Any CPU
		{6F9D88D7-21D9-46A4-9A67-F4D3D66AE826}.Debug|x86.ActiveCfg = Debug|Any CPU
		{6F9D88D7-21D9-46A4-9A67-F4D3D66AE826}.Debug|x86.Build.0 = Debug|Any CPU
		{6F9D88D7-21D9-46A4-9A67-F4D3D66AE826}.Release|x64.ActiveCfg = Release|x64
		{6F9D88D7-21D9-46A4-9A67-F4D3D66AE826}.Release|x64.Build.0 = Release|x64
		{6F9D88D7-21D9-46A4-9A67-F4D3D66AE826}.Release|Any CPU.ActiveCfg = Release|Any CPU
		{6F9D88D7-21D9-46A4-9A67-F4D3D66AE826}.Release|Any CPU.Build.0 = Release|Any CPU
		{6F9D88D7-21D9-46A4-9A67-F4D3D66AE826}.Release|x86.ActiveCfg = Release|Any CPU
		{6F9D88D7-21D9-46A4-9A67-F4D3D66AE826}.Release|x86.Build.0 = Release|Any CPU
		{A3B2C1D0-E4F5-4A6B-8C7D-9E0F1A2B3C4D}.Debug|x64.ActiveCfg = Debug|x64
		{A3B2C1D0-E4F5-4A6B-8C7D-9E0F1A2B3C4D}.Debug|x64.Build.0 = Debug|x64
		{A3B2C1D0-E4F5-4A6B-8C7D-9E0F1A2B3C4D}.Debug|Any CPU.ActiveCfg = Debug|Any CPU
		{A3B2C1D0-E4F5-4A6B-8C7D-9E0F1A2B3C4D}.Debug|Any CPU.Build.0 = Debug|Any CPU
		{A3B2C1D0-E4F5-4A6B-8C7D-9E0F1A2B3C4D}.Debug|x86.ActiveCfg = Debug|Any CPU
		{A3B2C1D0-E4F5-4A6B-8C7D-9E0F1A2B3C4D}.Debug|x86.Build.0 = Debug|Any CPU
		{A3B2C1D0-E4F5-4A6B-8C7D-9E0F1A2B3C4D}.Release|x64.ActiveCfg = Release|x64
		{A3B2C1D0-E4F5-4A6B-8C7D-9E0F1A2B3C4D}.Release|x64.Build.0 = Release|x64
		{A3B2C1D0-E4F5-4A6B-8C7D-9E0F1A2B3C4D}.Release|Any CPU.ActiveCfg = Release|Any CPU
		{A3B2C1D0-E4F5-4A6B-8C7D-9E0F1A2B3C4D}.Release|Any CPU.Build.0 = Release|Any CPU
		{A3B2C1D0-E4F5-4A6B-8C7D-9E0F1A2B3C4D}.Release|x86.ActiveCfg = Release|Any CPU
		{A3B2C1D0-E4F5-4A6B-8C7D-9E0F1A2B3C4D}.Release|x86.Build.0 = Release|Any CPU
		{D5160A6C-7EA8-413E-BEBB-D98EACC7AA77}.Debug|x64.ActiveCfg = Debug|Any CPU
		{D5160A6C-7EA8-413E-BEBB-D98EACC7AA77}.Debug|x64.Build.0 = Debug|Any CPU
		{D5160A6C-7EA8-413E-BEBB-D98EACC7AA77}.Debug|Any CPU.ActiveCfg = Debug|Any CPU
		{D5160A6C-7EA8-413E-BEBB-D98EACC7AA77}.Debug|Any CPU.Build.0 = Debug|Any CPU
		{D5160A6C-7EA8-413E-BEBB-D98EACC7AA77}.Debug|x86.ActiveCfg = Debug|Any CPU
		{D5160A6C-7EA8-413E-BEBB-D98EACC7AA77}.Debug|x86.Build.0 = Debug|Any CPU
		{D5160A6C-7EA8-413E-BEBB-D98EACC7AA77}.Release|x64.ActiveCfg = Release|Any CPU
		{D5160A6C-7EA8-413E-BEBB-D98EACC7AA77}.Release|x64.Build.0 = Release|Any CPU
		{D5160A6C-7EA8-413E-BEBB-D98EACC7AA77}.Release|Any CPU.ActiveCfg = Release|Any CPU
		{D5160A6C-7EA8-413E-BEBB-D98EACC7AA77}.Release|Any CPU.Build.0 = Release|Any CPU
		{D5160A6C-7EA8-413E-BEBB-D98EACC7AA77}.Release|x86.ActiveCfg = Release|Any CPU
		{D5160A6C-7EA8-413E-BEBB-D98EACC7AA77}.Release|x86.Build.0 = Release|Any CPU
		{DD03CD6B-5CA9-4390-ABDF-60B1F2B277DF}.Debug|x64.ActiveCfg = Debug|x64
		{DD03CD6B-5CA9-4390-ABDF-60B1F2B277DF}.Debug|x64.Build.0 = Debug|x64
		{DD03CD6B-5CA9-4390-ABDF-60B1F2B277DF}.Debug|Any CPU.ActiveCfg = Debug|x64
		{DD03CD6B-5CA9-4390-ABDF-60B1F2B277DF}.Debug|Any CPU.Build.0 = Debug|x64
		{DD03CD6B-5CA9-4390-ABDF-60B1F2B277DF}.Debug|x86.ActiveCfg = Debug|x64
		{DD03CD6B-5CA9-4390-ABDF-60B1F2B277DF}.Debug|x86.Build.0 = Debug|x64
		{DD03CD6B-5CA9-4390-ABDF-60B1F2B277DF}.Release|x64.ActiveCfg = Release|x64
		{DD03CD6B-5CA9-4390-ABDF-60B1F2B277DF}.Release|x64.Build.0 = Release|x64
		{DD03CD6B-5CA9-4390-ABDF-60B1F2B277DF}.Release|Any CPU.ActiveCfg = Release|x64
		{DD03CD6B-5CA9-4390-ABDF-60B1F2B277DF}.Release|Any CPU.Build.0 = Release|x64
		{DD03CD6B-5CA9-4390-ABDF-60B1F2B277DF}.Release|x86.ActiveCfg = Release|x64
		{DD03CD6B-5CA9-4390-ABDF-60B1F2B277DF}.Release|x86.Build.0 = Release|x64
		{5DDB71C4-4A0D-4082-8A0F-771384121D8A}.Debug|x64.ActiveCfg = Debug|x64
		{5DDB71C4-4A0D-4082-8A0F-771384121D8A}.Debug|x64.Build.0 = Debug|x64
		{5DDB71C4-4A0D-4082-8A0F-771384121D8A}.Debug|Any CPU.ActiveCfg = Debug|x64
		{5DDB71C4-4A0D-4082-8A0F-771384121D8A}.Debug|Any CPU.Build.0 = Debug|x64
		{5DDB71C4-4A0D-4082-8A0F-771384121D8A}.Debug|x86.ActiveCfg = Debug|x64
		{5DDB71C4-4A0D-4082-8A0F-771384121D8A}.Debug|x86.Build.0 = Debug|x64
		{5DDB71C4-4A0D-4082-8A0F-771384121D8A}.Release|x64.ActiveCfg = Release|x64
		{5DDB71C4-4A0D-4082-8A0F-771384121D8A}.Release|x64.Build.0 = Release|x64
		{5DDB71C4-4A0D-4082-8A0F-771384121D8A}.Release|Any CPU.ActiveCfg = Release|x64
		{5DDB71C4-4A0D-4082-8A0F-771384121D8A}.Release|Any CPU.Build.0 = Release|x64
		{5DDB71C4-4A0D-4082-8A0F-771384121D8A}.Release|x86.ActiveCfg = Release|x64
		{5DDB71C4-4A0D-4082-8A0F-771384121D8A}.Release|x86.Build.0 = Release|x64
		{D5F75F74-4F8B-45E9-AFDE-B2D51D5F7471}.Debug|x64.ActiveCfg = Debug|x64
		{D5F75F74-4F8B-45E9-AFDE-B2D51D5F7471}.Debug|x64.Build.0 = Debug|x64
		{D5F75F74-4F8B-45E9-AFDE-B2D51D5F7471}.Debug|Any CPU.ActiveCfg = Debug|x64
		{D5F75F74-4F8B-45E9-AFDE-B2D51D5F7471}.Debug|Any CPU.Build.0 = Debug|x64
		{D5F75F74-4F8B-45E9-AFDE-B2D51D5F7471}.Debug|x86.ActiveCfg = Debug|x64
		{D5F75F74-4F8B-45E9-AFDE-B2D51D5F7471}.Debug|x86.Build.0 = Debug|x64
		{D5F75F74-4F8B-45E9-AFDE-B2D51D5F7471}.Release|x64.ActiveCfg = Release|x64
		{D5F75F74-4F8B-45E9-AFDE-B2D51D5F7471}.Release|x64.Build.0 = Release|x64
		{D5F75F74-4F8B-45E9-AFDE-B2D51D5F7471}.Release|Any CPU.ActiveCfg = Release|x64
		{D5F75F74-4F8B-45E9-AFDE-B2D51D5F7471}.Release|Any CPU.Build.0 = Release|x64
		{D5F75F74-4F8B-45E9-AFDE-B2D51D5F7471}.Release|x86.ActiveCfg = Release|x64
		{D5F75F74-4F8B-45E9-AFDE-B2D51D5F7471}.Release|x86.Build.0 = Release|x64
		{63F9305D-CB2A-4B2D-92F3-A1DCD843E584}.Debug|x64.ActiveCfg = Debug|x64
		{63F9305D-CB2A-4B2D-92F3-A1DCD843E584}.Debug|x64.Build.0 = Debug|x64
		{63F9305D-CB2A-4B2D-92F3-A1DCD843E584}.Debug|Any CPU.ActiveCfg = Debug|x64
		{63F9305D-CB2A-4B2D-92F3-A1DCD843E584}.Debug|Any CPU.Build.0 = Debug|x64
		{63F9305D-CB2A-4B2D-92F3-A1DCD843E584}.Debug|x86.ActiveCfg = Debug|x64
		{63F9305D-CB2A-4B2D-92F3-A1DCD843E584}.Debug|x86.Build.0 = Debug|x64
		{63F9305D-CB2A-4B2D-92F3-A1DCD843E584}.Release|x64.ActiveCfg = Release|x64
		{63F9305D-CB2A-4B2D-92F3-A1DCD843E584}.Release|x64.Build.0 = Release|x64
		{63F9305D-CB2A-4B2D-92F3-A1DCD843E584}.Release|Any CPU.ActiveCfg = Release|x64
		{63F9305D-CB2A-4B2D-92F3-A1DCD843E584}.Release|Any CPU.Build.0 = Release|x64
		{63F9305D-CB2A-4B2D-92F3-A1DCD843E584}.Release|x86.ActiveCfg = Release|x64
		{63F9305D-CB2A-4B2D-92F3-A1DCD843E584}.Release|x86.Build.0 = Release|x64
		{20C421CE-CFB5-4182-AD50-A493F4FCA49E}.Debug|x64.ActiveCfg = Debug|x64
		{20C421CE-CFB5-4182-AD50-A493F4FCA49E}.Debug|x64.Build.0 = Debug|x64
		{20C421CE-CFB5-4182-AD50-A493F4FCA49E}.Debug|Any CPU.ActiveCfg = Debug|x64
		{20C421CE-CFB5-4182-AD50-A493F4FCA49E}.Debug|Any CPU.Build.0 = Debug|x64
		{20C421CE-CFB5-4182-AD50-A493F4FCA49E}.Debug|x86.ActiveCfg = Debug|x64
		{20C421CE-CFB5-4182-AD50-A493F4FCA49E}.Debug|x86.Build.0 = Debug|x64
		{20C421CE-CFB5-4182-AD50-A493F4FCA49E}.Release|x64.ActiveCfg = Release|x64
		{20C421CE-CFB5-4182-AD50-A493F4FCA49E}.Release|x64.Build.0 = Release|x64
		{20C421CE-CFB5-4182-AD50-A493F4FCA49E}.Release|Any CPU.ActiveCfg = Release|x64
		{20C421CE-CFB5-4182-AD50-A493F4FCA49E}.Release|Any CPU.Build.0 = Release|x64
		{20C421CE-CFB5-4182-AD50-A493F4FCA49E}.Release|x86.ActiveCfg = Release|x64
		{20C421CE-CFB5-4182-AD50-A493F4FCA49E}.Release|x86.Build.0 = Release|x64
		{9B139FD9-8714-44BA-B667-FAED7B1E54B4}.Debug|x64.ActiveCfg = Debug|x64
		{9B139FD9-8714-44BA-B667-FAED7B1E54B4}.Debug|x64.Build.0 = Debug|x64
		{9B139FD9-8714-44BA-B667-FAED7B1E54B4}.Debug|Any CPU.ActiveCfg = Debug|x64
		{9B139FD9-8714-44BA-B667-FAED7B1E54B4}.Debug|Any CPU.Build.0 = Debug|x64
		{9B139FD9-8714-44BA-B667-FAED7B1E54B4}.Debug|x86.ActiveCfg = Debug|x64
		{9B139FD9-8714-44BA-B667-FAED7B1E54B4}.Debug|x86.Build.0 = Debug|x64
		{9B139FD9-8714-44BA-B667-FAED7B1E54B4}.Release|x64.ActiveCfg = Release|x64
		{9B139FD9-8714-44BA-B667-FAED7B1E54B4}.Release|x64.Build.0 = Release|x64
		{9B139FD9-8714-44BA-B667-FAED7B1E54B4}.Release|Any CPU.ActiveCfg = Release|x64
		{9B139FD9-8714-44BA-B667-FAED7B1E54B4}.Release|Any CPU.Build.0 = Release|x64
		{9B139FD9-8714-44BA-B667-FAED7B1E54B4}.Release|x86.ActiveCfg = Release|x64
		{9B139FD9-8714-44BA-B667-FAED7B1E54B4}.Release|x86.Build.0 = Release|x64
		{AD34CA18-8AEF-4382-A8FC-B4961BAD435D}.Debug|x64.ActiveCfg = Debug|x64
		{AD34CA18-8AEF-4382-A8FC-B4961BAD435D}.Debug|x64.Build.0 = Debug|x64
		{AD34CA18-8AEF-4382-A8FC-B4961BAD435D}.Debug|Any CPU.ActiveCfg = Debug|x64
		{AD34CA18-8AEF-4382-A8FC-B4961BAD435D}.Debug|Any CPU.Build.0 = Debug|x64
		{AD34CA18-8AEF-4382-A8FC-B4961BAD435D}.Debug|x86.ActiveCfg = Debug|x64
		{AD34CA18-8AEF-4382-A8FC-B4961BAD435D}.Debug|x86.Build.0 = Debug|x64
		{AD34CA18-8AEF-4382-A8FC-B4961BAD435D}.Release|x64.ActiveCfg = Release|x64
		{AD34CA18-8AEF-4382-A8FC-B4961BAD435D}.Release|x64.Build.0 = Release|x64
		{AD34CA18-8AEF-4382-A8FC-B4961BAD435D}.Release|Any CPU.ActiveCfg = Release|x64
		{AD34CA18-8AEF-4382-A8FC-B4961BAD435D}.Release|Any CPU.Build.0 = Release|x64
		{AD34CA18-8AEF-4382-A8FC-B4961BAD435D}.Release|x86.ActiveCfg = Release|x64
		{AD34CA18-8AEF-4382-A8FC-B4961BAD435D}.Release|x86.Build.0 = Release|x64
		{E2A4F431-2CA9-4FFB-BE8C-D4DC5D566779}.Debug|x64.ActiveCfg = Debug|x64
		{E2A4F431-2CA9-4FFB-BE8C-D4DC5D566779}.Debug|x64.Build.0 = Debug|x64
		{E2A4F431-2CA9-4FFB-BE8C-D4DC5D566779}.Debug|Any CPU.ActiveCfg = Debug|x64
		{E2A4F431-2CA9-4FFB-BE8C-D4DC5D566779}.Debug|Any CPU.Build.0 = Debug|x64
		{E2A4F431-2CA9-4FFB-BE8C-D4DC5D566779}.Debug|x86.ActiveCfg = Debug|x64
		{E2A4F431-2CA9-4FFB-BE8C-D4DC5D566779}.Debug|x86.Build.0 = Debug|x64
		{E2A4F431-2CA9-4FFB-BE8C-D4DC5D566779}.Release|x64.ActiveCfg = Release|x64
		{E2A4F431-2CA9-4FFB-BE8C-D4DC5D566779}.Release|x64.Build.0 = Release|x64
		{E2A4F431-2CA9-4FFB-BE8C-D4DC5D566779}.Release|Any CPU.ActiveCfg = Release|x64
		{E2A4F431-2CA9-4FFB-BE8C-D4DC5D566779}.Release|Any CPU.Build.0 = Release|x64
		{E2A4F431-2CA9-4FFB-BE8C-D4DC5D566779}.Release|x86.ActiveCfg = Release|x64
		{E2A4F431-2CA9-4FFB-BE8C-D4DC5D566779}.Release|x86.Build.0 = Release|x64
		{A89D89AD-51CF-4679-8824-A655208189CB}.Debug|x64.ActiveCfg = Debug|x64
		{A89D89AD-51CF-4679-8824-A655208189CB}.Debug|x64.Build.0 = Debug|x64
		{A89D89AD-51CF-4679-8824-A655208189CB}.Debug|Any CPU.ActiveCfg = Debug|x64
		{A89D89AD-51CF-4679-8824-A655208189CB}.Debug|Any CPU.Build.0 = Debug|x64
		{A89D89AD-51CF-4679-8824-A655208189CB}.Debug|x86.ActiveCfg = Debug|x64
		{A89D89AD-51CF-4679-8824-A655208189CB}.Debug|x86.Build.0 = Debug|x64
		{A89D89AD-51CF-4679-8824-A655208189CB}.Release|x64.ActiveCfg = Release|x64
		{A89D89AD-51CF-4679-8824-A655208189CB}.Release|x64.Build.0 = Release|x64
		{A89D89AD-51CF-4679-8824-A655208189CB}.Release|Any CPU.ActiveCfg = Release|x64
		{A89D89AD-51CF-4679-8824-A655208189CB}.Release|Any CPU.Build.0 = Release|x64
		{A89D89AD-51CF-4679-8824-A655208189CB}.Release|x86.ActiveCfg = Release|x64
		{A89D89AD-51CF-4679-8824-A655208189CB}.Release|x86.Build.0 = Release|x64
		{12B0EBFD-C9C0-47AE-827C-E40AB0252901}.Debug|x64.ActiveCfg = Debug|Any CPU
		{12B0EBFD-C9C0-47AE-827C-E40AB0252901}.Debug|x64.Build.0 = Debug|Any CPU
		{12B0EBFD-C9C0-47AE-827C-E40AB0252901}.Debug|Any CPU.ActiveCfg = Debug|Any CPU
		{12B0EBFD-C9C0-47AE-827C-E40AB0252901}.Debug|Any CPU.Build.0 = Debug|Any CPU
		{12B0EBFD-C9C0-47AE-827C-E40AB0252901}.Debug|x86.ActiveCfg = Debug|Any CPU
		{12B0EBFD-C9C0-47AE-827C-E40AB0252901}.Debug|x86.Build.0 = Debug|Any CPU
		{12B0EBFD-C9C0-47AE-827C-E40AB0252901}.Release|x64.ActiveCfg = Release|Any CPU
		{12B0EBFD-C9C0-47AE-827C-E40AB0252901}.Release|x64.Build.0 = Release|Any CPU
		{12B0EBFD-C9C0-47AE-827C-E40AB0252901}.Release|Any CPU.ActiveCfg = Release|Any CPU
		{12B0EBFD-C9C0-47AE-827C-E40AB0252901}.Release|Any CPU.Build.0 = Release|Any CPU
		{12B0EBFD-C9C0-47AE-827C-E40AB0252901}.Release|x86.ActiveCfg = Release|Any CPU
		{12B0EBFD-C9C0-47AE-827C-E40AB0252901}.Release|x86.Build.0 = Release|Any CPU
		{6A50C1BF-EB3D-4161-B4FA-6A1F20F44ECD}.Debug|x64.ActiveCfg = Debug|Any CPU
		{6A50C1BF-EB3D-4161-B4FA-6A1F20F44ECD}.Debug|x64.Build.0 = Debug|Any CPU
		{6A50C1BF-EB3D-4161-B4FA-6A1F20F44ECD}.Debug|Any CPU.ActiveCfg = Debug|Any CPU
		{6A50C1BF-EB3D-4161-B4FA-6A1F20F44ECD}.Debug|Any CPU.Build.0 = Debug|Any CPU
		{6A50C1BF-EB3D-4161-B4FA-6A1F20F44ECD}.Debug|x86.ActiveCfg = Debug|Any CPU
		{6A50C1BF-EB3D-4161-B4FA-6A1F20F44ECD}.Debug|x86.Build.0 = Debug|Any CPU
		{6A50C1BF-EB3D-4161-B4FA-6A1F20F44ECD}.Release|x64.ActiveCfg = Release|Any CPU
		{6A50C1BF-EB3D-4161-B4FA-6A1F20F44ECD}.Release|x64.Build.0 = Release|Any CPU
		{6A50C1BF-EB3D-4161-B4FA-6A1F20F44ECD}.Release|Any CPU.ActiveCfg = Release|Any CPU
		{6A50C1BF-EB3D-4161-B4FA-6A1F20F44ECD}.Release|Any CPU.Build.0 = Release|Any CPU
		{6A50C1BF-EB3D-4161-B4FA-6A1F20F44ECD}.Release|x86.ActiveCfg = Release|Any CPU
		{6A50C1BF-EB3D-4161-B4FA-6A1F20F44ECD}.Release|x86.Build.0 = Release|Any CPU
		{8334EC78-0E30-4FF0-8643-A7A938A705B8}.Debug|x64.ActiveCfg = Debug|x64
		{8334EC78-0E30-4FF0-8643-A7A938A705B8}.Debug|x64.Build.0 = Debug|x64
		{8334EC78-0E30-4FF0-8643-A7A938A705B8}.Debug|Any CPU.ActiveCfg = Debug|x64
		{8334EC78-0E30-4FF0-8643-A7A938A705B8}.Debug|Any CPU.Build.0 = Debug|x64
		{8334EC78-0E30-4FF0-8643-A7A938A705B8}.Debug|x86.ActiveCfg = Debug|x64
		{8334EC78-0E30-4FF0-8643-A7A938A705B8}.Debug|x86.Build.0 = Debug|x64
		{8334EC78-0E30-4FF0-8643-A7A938A705B8}.Release|x64.ActiveCfg = Release|x64
		{8334EC78-0E30-4FF0-8643-A7A938A705B8}.Release|x64.Build.0 = Release|x64
		{8334EC78-0E30-4FF0-8643-A7A938A705B8}.Release|Any CPU.ActiveCfg = Release|x64
		{8334EC78-0E30-4FF0-8643-A7A938A705B8}.Release|Any CPU.Build.0 = Release|x64
		{8334EC78-0E30-4FF0-8643-A7A938A705B8}.Release|x86.ActiveCfg = Release|x64
		{8334EC78-0E30-4FF0-8643-A7A938A705B8}.Release|x86.Build.0 = Release|x64
	EndGlobalSection
	GlobalSection(SolutionProperties) = preSolution
		HideSolutionNode = FALSE
	EndGlobalSection
	GlobalSection(NestedProjects) = preSolution
		{CB20C6C8-2857-4B1E-9C00-265893C094E3} = {12CCA2B5-A874-47B3-BB43-799275014D7B}
		{F1AF53B1-6B28-4A2D-A967-B7BE6EC15C84} = {12CCA2B5-A874-47B3-BB43-799275014D7B}
		{10714220-ACE7-40E5-9DC2-ACE17923B206} = {12CCA2B5-A874-47B3-BB43-799275014D7B}
		{DC0E0D39-ABB7-4F0C-BC60-0C7F22013D30} = {12CCA2B5-A874-47B3-BB43-799275014D7B}
		{4EB07234-ED44-4ED0-99C5-3354815693F4} = {DC0E0D39-ABB7-4F0C-BC60-0C7F22013D30}
		{56BFBB27-DD85-6812-39E4-A7F77648FBFB} = {609F40C5-C560-40E6-76C7-691311A42DF0}
		{DD03CD6B-5CA9-4390-ABDF-60B1F2B277DF} = {56BFBB27-DD85-6812-39E4-A7F77648FBFB}
		{5DDB71C4-4A0D-4082-8A0F-771384121D8A} = {56BFBB27-DD85-6812-39E4-A7F77648FBFB}
		{D5F75F74-4F8B-45E9-AFDE-B2D51D5F7471} = {56BFBB27-DD85-6812-39E4-A7F77648FBFB}
		{63F9305D-CB2A-4B2D-92F3-A1DCD843E584} = {56BFBB27-DD85-6812-39E4-A7F77648FBFB}
		{20C421CE-CFB5-4182-AD50-A493F4FCA49E} = {56BFBB27-DD85-6812-39E4-A7F77648FBFB}
		{1B3E8FDC-33ED-8FAA-4F2B-2D75B5BC9BC4} = {609F40C5-C560-40E6-76C7-691311A42DF0}
		{9B139FD9-8714-44BA-B667-FAED7B1E54B4} = {1B3E8FDC-33ED-8FAA-4F2B-2D75B5BC9BC4}
		{AD34CA18-8AEF-4382-A8FC-B4961BAD435D} = {1B3E8FDC-33ED-8FAA-4F2B-2D75B5BC9BC4}
		{E2A4F431-2CA9-4FFB-BE8C-D4DC5D566779} = {1B3E8FDC-33ED-8FAA-4F2B-2D75B5BC9BC4}
		{A89D89AD-51CF-4679-8824-A655208189CB} = {1B3E8FDC-33ED-8FAA-4F2B-2D75B5BC9BC4}
		{12B0EBFD-C9C0-47AE-827C-E40AB0252901} = {A7023928-A066-C793-5AF6-AB551C07A2E9}
		{6A50C1BF-EB3D-4161-B4FA-6A1F20F44ECD} = {A7023928-A066-C793-5AF6-AB551C07A2E9}
		{8334EC78-0E30-4FF0-8643-A7A938A705B8} = {A7023928-A066-C793-5AF6-AB551C07A2E9}
	EndGlobalSection
	GlobalSection(ExtensibilityGlobals) = postSolution
		SolutionGuid = {B3D4AB65-9162-4EE2-9413-1867C12DC041}
	EndGlobalSection
EndGlobal
